
Microsoft Visual Studio Solution File, Format Version 12.00
# Visual Studio Version 16
VisualStudioVersion = 16.0.30011.22
MinimumVisualStudioVersion = 10.0.40219.1
Project("{FAE04EC0-301F-11D3-BF4B-00C04F79EFBC}") = "EstrutuaWhile-Exe3", "EstrutuaWhile-Exe3\EstrutuaWhile-Exe3.csproj", "{B49BC8C0-17CD-4A14-AF99-CF7F1D391FE2}"
EndProject
Global
	GlobalSection(SolutionConfigurationPlatforms) = preSolution
		Debug|Any CPU = Debug|Any CPU
		Release|Any CPU = Release|Any CPU
	EndGlobalSection
	GlobalSection(ProjectConfigurationPlatforms) = postSolution
		{B49BC8C0-17CD-4A14-AF99-CF7F1D391FE2}.Debug|Any CPU.ActiveCfg = Debug|Any CPU
		{B49BC8C0-17CD-4A14-AF99-CF7F1D391FE2}.Debug|Any CPU.Build.0 = Debug|Any CPU
		{B49BC8C0-17CD-4A14-AF99-CF7F1D391FE2}.Release|Any CPU.ActiveCfg = Release|Any CPU
		{B49BC8C0-17CD-4A14-AF99-CF7F1D391FE2}.Release|Any CPU.Build.0 = Release|Any CPU
	EndGlobalSection
	GlobalSection(SolutionProperties) = preSolution
		HideSolutionNode = FALSE
	EndGlobalSection
	GlobalSection(ExtensibilityGlobals) = postSolution
		SolutionGuid = {F4CCC026-7BD7-4575-99F6-232EB7CA72B8}
	EndGlobalSection
EndGlobal
