
Microsoft Visual Studio Solution File, Format Version 12.00
# Visual Studio Version 16
VisualStudioVersion = 16.0.30011.22
MinimumVisualStudioVersion = 10.0.40219.1
Project("{FAE04EC0-301F-11D3-BF4B-00C04F79EFBC}") = "EstruturaSequencial-Exe6", "EstruturaSequencial-Exe6\EstruturaSequencial-Exe6.csproj", "{425D549B-8443-4F96-AB8A-FE033536F600}"
EndProject
Global
	GlobalSection(SolutionConfigurationPlatforms) = preSolution
		Debug|Any CPU = Debug|Any CPU
		Release|Any CPU = Release|Any CPU
	EndGlobalSection
	GlobalSection(ProjectConfigurationPlatforms) = postSolution
		{425D549B-8443-4F96-AB8A-FE033536F600}.Debug|Any CPU.ActiveCfg = Debug|Any CPU
		{425D549B-8443-4F96-AB8A-FE033536F600}.Debug|Any CPU.Build.0 = Debug|Any CPU
		{425D549B-8443-4F96-AB8A-FE033536F600}.Release|Any CPU.ActiveCfg = Release|Any CPU
		{425D549B-8443-4F96-AB8A-FE033536F600}.Release|Any CPU.Build.0 = Release|Any CPU
	EndGlobalSection
	GlobalSection(SolutionProperties) = preSolution
		HideSolutionNode = FALSE
	EndGlobalSection
	GlobalSection(ExtensibilityGlobals) = postSolution
		SolutionGuid = {C6DBFBD3-BCBE-4E4E-B7FA-3C1819205C82}
	EndGlobalSection
EndGlobal
