
Microsoft Visual Studio Solution File, Format Version 12.00
# Visual Studio Version 16
VisualStudioVersion = 16.0.30011.22
MinimumVisualStudioVersion = 10.0.40219.1
Project("{FAE04EC0-301F-11D3-BF4B-00C04F79EFBC}") = "EstruturaSequencial-Exe2", "EstruturaSequencial-Exe2\EstruturaSequencial-Exe2.csproj", "{1704AC10-6D5E-4C5C-B451-C7AED424F152}"
EndProject
Global
	GlobalSection(SolutionConfigurationPlatforms) = preSolution
		Debug|Any CPU = Debug|Any CPU
		Release|Any CPU = Release|Any CPU
	EndGlobalSection
	GlobalSection(ProjectConfigurationPlatforms) = postSolution
		{1704AC10-6D5E-4C5C-B451-C7AED424F152}.Debug|Any CPU.ActiveCfg = Debug|Any CPU
		{1704AC10-6D5E-4C5C-B451-C7AED424F152}.Debug|Any CPU.Build.0 = Debug|Any CPU
		{1704AC10-6D5E-4C5C-B451-C7AED424F152}.Release|Any CPU.ActiveCfg = Release|Any CPU
		{1704AC10-6D5E-4C5C-B451-C7AED424F152}.Release|Any CPU.Build.0 = Release|Any CPU
	EndGlobalSection
	GlobalSection(SolutionProperties) = preSolution
		HideSolutionNode = FALSE
	EndGlobalSection
	GlobalSection(ExtensibilityGlobals) = postSolution
		SolutionGuid = {0BF461A1-3E65-41C4-A3DE-D0C047591896}
	EndGlobalSection
EndGlobal
